
Microsoft Visual Studio Solution File, Format Version 12.00
# Visual Studio Version 17
VisualStudioVersion = 17.4.33213.308
MinimumVisualStudioVersion = 10.0.40219.1
Project("{9A19103F-16F7-4668-BE54-9A1E7A4F7556}") = "CodeEvents.Api", "CodeEvents.Api\CodeEvents.Api.csproj", "{C57EDCE4-C874-4ABC-93B1-3DC2BFD1C4EE}"
EndProject
Project("{FAE04EC0-301F-11D3-BF4B-00C04F79EFBC}") = "CodeEvents.Client", "CodeEvents.Client\CodeEvents.Client.csproj", "{646D4B6D-8910-4FAB-BE30-343483C27757}"
EndProject
Project("{FAE04EC0-301F-11D3-BF4B-00C04F79EFBC}") = "CodeEvents.Common", "CodeEvents.Common\CodeEvents.Common.csproj", "{5152097A-6C5D-40D4-8567-71277A108CA6}"
EndProject
Global
	GlobalSection(SolutionConfigurationPlatforms) = preSolution
		Debug|Any CPU = Debug|Any CPU
		Release|Any CPU = Release|Any CPU
	EndGlobalSection
	GlobalSection(ProjectConfigurationPlatforms) = postSolution
		{C57EDCE4-C874-4ABC-93B1-3DC2BFD1C4EE}.Debug|Any CPU.ActiveCfg = Debug|Any CPU
		{C57EDCE4-C874-4ABC-93B1-3DC2BFD1C4EE}.Debug|Any CPU.Build.0 = Debug|Any CPU
		{C57EDCE4-C874-4ABC-93B1-3DC2BFD1C4EE}.Release|Any CPU.ActiveCfg = Release|Any CPU
		{C57EDCE4-C874-4ABC-93B1-3DC2BFD1C4EE}.Release|Any CPU.Build.0 = Release|Any CPU
		{646D4B6D-8910-4FAB-BE30-343483C27757}.Debug|Any CPU.ActiveCfg = Debug|Any CPU
		{646D4B6D-8910-4FAB-BE30-343483C27757}.Debug|Any CPU.Build.0 = Debug|Any CPU
		{646D4B6D-8910-4FAB-BE30-343483C27757}.Release|Any CPU.ActiveCfg = Release|Any CPU
		{646D4B6D-8910-4FAB-BE30-343483C27757}.Release|Any CPU.Build.0 = Release|Any CPU
		{5152097A-6C5D-40D4-8567-71277A108CA6}.Debug|Any CPU.ActiveCfg = Debug|Any CPU
		{5152097A-6C5D-40D4-8567-71277A108CA6}.Debug|Any CPU.Build.0 = Debug|Any CPU
		{5152097A-6C5D-40D4-8567-71277A108CA6}.Release|Any CPU.ActiveCfg = Release|Any CPU
		{5152097A-6C5D-40D4-8567-71277A108CA6}.Release|Any CPU.Build.0 = Release|Any CPU
	EndGlobalSection
	GlobalSection(SolutionProperties) = preSolution
		HideSolutionNode = FALSE
	EndGlobalSection
	GlobalSection(ExtensibilityGlobals) = postSolution
		SolutionGuid = {3D11A869-455A-42A8-A838-1C1F0B732695}
	EndGlobalSection
EndGlobal
